
Microsoft Visual Studio Solution File, Format Version 12.00
# Visual Studio Version 17
VisualStudioVersion = 17.10.35122.118
MinimumVisualStudioVersion = 10.0.40219.1
Project("{F184B08F-C81C-45F6-A57F-5ABD9991F28F}") = "Database_Management", "Database_Management\Database_Management.vbproj", "{3AE1BEA4-7A7A-4BF7-8948-D21ECBCAEB07}"
EndProject
Global
	GlobalSection(SolutionConfigurationPlatforms) = preSolution
		Debug|Any CPU = Debug|Any CPU
		Release|Any CPU = Release|Any CPU
	EndGlobalSection
	GlobalSection(ProjectConfigurationPlatforms) = postSolution
		{3AE1BEA4-7A7A-4BF7-8948-D21ECBCAEB07}.Debug|Any CPU.ActiveCfg = Debug|Any CPU
		{3AE1BEA4-7A7A-4BF7-8948-D21ECBCAEB07}.Debug|Any CPU.Build.0 = Debug|Any CPU
		{3AE1BEA4-7A7A-4BF7-8948-D21ECBCAEB07}.Release|Any CPU.ActiveCfg = Release|Any CPU
		{3AE1BEA4-7A7A-4BF7-8948-D21ECBCAEB07}.Release|Any CPU.Build.0 = Release|Any CPU
	EndGlobalSection
	GlobalSection(SolutionProperties) = preSolution
		HideSolutionNode = FALSE
	EndGlobalSection
	GlobalSection(ExtensibilityGlobals) = postSolution
		SolutionGuid = {676A08A1-05F6-42C9-8BF0-0E7A49C7DEA0}
	EndGlobalSection
EndGlobal
